<?xml version="1.0" encoding="utf-8"?>
<Project ToolsVersion="4.0" xmlns="http://schemas.microsoft.com/developer/msbuild/2003">
  <ItemGroup>
    <Filter Include="Header Files">
      <UniqueIdentifier>{f0112f4e-402b-4f6b-805a-2f5ffd0aa7d3}</UniqueIdentifier>
    </Filter>
    <Filter Include="Source Files">
      <UniqueIdentifier>{e93bb89f-cdfe-4ad2-b377-2d45fe1ebd6a}</UniqueIdentifier>
    </Filter>
    <Filter Include="Header Files\2D">
      <UniqueIdentifier>{12abc15e-e73c-43a2-8b59-4d4c4575d55c}</UniqueIdentifier>
    </Filter>
    <Filter Include="Header Files\Utils">
      <UniqueIdentifier>{32db4e20-c48f-4d5e-b07b-f9edfa1e48bf}</UniqueIdentifier>
    </Filter>
    <Filter Include="Source Files\3D">
      <UniqueIdentifier>{cc2a7d90-9319-43f4-b809-5f0458bda674}</UniqueIdentifier>
    </Filter>
    <Filter Include="Source Files\2D">
      <UniqueIdentifier>{9951da0e-c42a-4da1-bb6c-57e9907f9c8e}</UniqueIdentifier>
    </Filter>
    <Filter Include="Source Files\Utils">
      <UniqueIdentifier>{b42a63c0-9f15-4042-8fd1-5dae5fb48db8}</UniqueIdentifier>
    </Filter>
    <Filter Include="Header Files\Base">
      <UniqueIdentifier>{38024146-cde2-4c48-b32b-579e8ecff1a4}</UniqueIdentifier>
    </Filter>
    <Filter Include="Source Files\Base">
      <UniqueIdentifier>{ced3fb7d-7111-4d7c-b5ff-521c4d2aad3a}</UniqueIdentifier>
    </Filter>
    <Filter Include="Header Files\Meshes">
      <UniqueIdentifier>{61e7475c-9581-4d24-8fa8-e61f370bbeb4}</UniqueIdentifier>
    </Filter>
    <Filter Include="Source Files\Meshes">
      <UniqueIdentifier>{814dcb62-3d07-4ca0-8004-550977974789}</UniqueIdentifier>
    </Filter>
    <Filter Include="Header Files\3D">
      <UniqueIdentifier>{9860b901-82fe-47d7-8f37-aa623a9ec8f2}</UniqueIdentifier>
    </Filter>
  </ItemGroup>
  <ItemGroup>
    <ClInclude Include="..\include\Mesh\PolygonMesh3D.h">
      <Filter>Header Files\3D</Filter>
    </ClInclude>
    <ClInclude Include="..\include\Mesh\PlaneMesh3D.h">
      <Filter>Header Files\3D</Filter>
    </ClInclude>
    <ClInclude Include="..\include\Mesh\TriangleMesh3D.h">
      <Filter>Header Files\3D</Filter>
    </ClInclude>
    <ClInclude Include="..\include\Mesh\MeshUtils.h">
      <Filter>Header Files\Utils</Filter>
    </ClInclude>
    <ClInclude Include="..\include\ChimeraMesh.h" />
    <ClInclude Include="..\include\Mesh\Face.h">
      <Filter>Header Files\Base</Filter>
    </ClInclude>
    <ClInclude Include="..\include\Mesh\Edge.h">
      <Filter>Header Files\Base</Filter>
    </ClInclude>
    <ClInclude Include="..\include\Mesh\Volume.h">
      <Filter>Header Files\Base</Filter>
    </ClInclude>
    <ClInclude Include="..\include\Mesh\Vertex.h">
      <Filter>Header Files\Base</Filter>
    </ClInclude>
    <ClInclude Include="..\include\Mesh\PolygonalMesh.h">
      <Filter>Header Files\Meshes</Filter>
    </ClInclude>
    <ClInclude Include="..\include\Mesh\LineMesh.h">
      <Filter>Header Files\Meshes</Filter>
    </ClInclude>
    <ClInclude Include="..\include\Mesh\Mesh.h">
      <Filter>Header Files\Meshes</Filter>
    </ClInclude>
    <ClInclude Include="..\include\Mesh\MeshesCoreDefs.h">
      <Filter>Header Files</Filter>
    </ClInclude>
  </ItemGroup>
  <ItemGroup>
    <ClCompile Include="..\src\Mesh\LineMesh.cpp">
      <Filter>Source Files</Filter>
    </ClCompile>
    <ClCompile Include="..\src\Mesh\PlaneMesh3D.cpp">
      <Filter>Source Files\3D</Filter>
    </ClCompile>
    <ClCompile Include="..\src\Mesh\TriangleMesh3D.cpp">
      <Filter>Source Files\3D</Filter>
    </ClCompile>
    <ClCompile Include="..\src\Mesh\MeshUtils.cpp">
      <Filter>Source Files\Utils</Filter>
    </ClCompile>
    <ClCompile Include="..\src\Mesh\PolygonMesh3D.cpp">
      <Filter>Source Files\3D</Filter>
    </ClCompile>
    <ClCompile Include="..\src\Mesh\LineMesh2D.cpp">
      <Filter>Source Files</Filter>
    </ClCompile>
    <ClCompile Include="..\src\Mesh\PolygonalMesh.cpp">
      <Filter>Source Files</Filter>
    </ClCompile>
    <ClCompile Include="..\src\Mesh\Edge.cpp">
      <Filter>Source Files\Base</Filter>
    </ClCompile>
    <ClCompile Include="..\src\Mesh\Face.cpp">
      <Filter>Source Files\Base</Filter>
    </ClCompile>
    <ClCompile Include="..\src\Mesh\Mesh.cpp">
      <Filter>Source Files\Meshes</Filter>
    </ClCompile>
    <ClCompile Include="..\src\Mesh\Volume.cpp">
      <Filter>Source Files\Base</Filter>
    </ClCompile>
    <ClCompile Include="..\src\Mesh\LineMesh3D.cpp">
      <Filter>Source Files</Filter>
    </ClCompile>
  </ItemGroup>
</Project>