
Microsoft Visual Studio Solution File, Format Version 12.00
# Visual Studio 14
VisualStudioVersion = 14.0.25420.1
MinimumVisualStudioVersion = 10.0.40219.1
Project("{8BC9CEB8-8B4A-11D0-8D11-00A0C91BC942}") = "Chimera Core", "ChimeraCore\vc10\ChimeraCore.vcxproj", "{8F79FA0B-ADB1-4135-8828-70332B2B7FBD}"
EndProject
Project("{8BC9CEB8-8B4A-11D0-8D11-00A0C91BC942}") = "Chimera Rendering", "ChimeraRendering\vc10\ChimeraRendering.vcxproj", "{244C09EB-50A2-470E-863C-D9F1BD6285C2}"
EndProject
Project("{8BC9CEB8-8B4A-11D0-8D11-00A0C91BC942}") = "Chimera 3D", "Chimera 3D\vc10\Chimera 3D.vcxproj", "{7EF2B3AA-F501-45E4-8452-06BD707B33C2}"
	ProjectSection(ProjectDependencies) = postProject
		{8F79FA0B-ADB1-4135-8828-70332B2B7FBD} = {8F79FA0B-ADB1-4135-8828-70332B2B7FBD}
		{C727430E-C5F4-4863-806E-4DEA8CBC5EDA} = {C727430E-C5F4-4863-806E-4DEA8CBC5EDA}
		{66F8E918-563D-4CC9-ABF4-584B9B4660CB} = {66F8E918-563D-4CC9-ABF4-584B9B4660CB}
		{6FDEE231-E3BD-4DBC-A12A-8CB4E2DC0BCB} = {6FDEE231-E3BD-4DBC-A12A-8CB4E2DC0BCB}
		{76804432-F4F1-4A1B-9BF5-3CB52EC7B467} = {76804432-F4F1-4A1B-9BF5-3CB52EC7B467}
		{F8111D45-9858-4DFF-9D52-76332D4C21AD} = {F8111D45-9858-4DFF-9D52-76332D4C21AD}
		{D7FB3B63-115C-4CDD-8AF6-6774A2A692C3} = {D7FB3B63-115C-4CDD-8AF6-6774A2A692C3}
		{100C9D77-283C-47FB-955A-E55CFE18FFF3} = {100C9D77-283C-47FB-955A-E55CFE18FFF3}
		{8CA07C88-BA2F-4AAF-A8A9-61EEDF2DCD21} = {8CA07C88-BA2F-4AAF-A8A9-61EEDF2DCD21}
		{2E858689-87DC-4B68-AACD-68542B41DC53} = {2E858689-87DC-4B68-AACD-68542B41DC53}
		{0D00D38C-C514-442E-9170-F09E98C4B659} = {0D00D38C-C514-442E-9170-F09E98C4B659}
		{68C1F291-73C6-44BC-BF54-B5943195E0C7} = {68C1F291-73C6-44BC-BF54-B5943195E0C7}
		{DCA33D97-6FA7-4B87-A670-41FE4D78007A} = {DCA33D97-6FA7-4B87-A670-41FE4D78007A}
		{1A645799-62C5-446B-B2F3-C7B770EECC16} = {1A645799-62C5-446B-B2F3-C7B770EECC16}
		{256919B2-669A-42FD-B15C-42B87EFAC302} = {256919B2-669A-42FD-B15C-42B87EFAC302}
		{244C09EB-50A2-470E-863C-D9F1BD6285C2} = {244C09EB-50A2-470E-863C-D9F1BD6285C2}
		{F3E829EC-4D0D-4D3E-A213-A9E2CF6519EC} = {F3E829EC-4D0D-4D3E-A213-A9E2CF6519EC}
		{3A726DFF-063C-4034-9CE7-22B257E02B6F} = {3A726DFF-063C-4034-9CE7-22B257E02B6F}
	EndProjectSection
EndProject
Project("{8BC9CEB8-8B4A-11D0-8D11-00A0C91BC942}") = "Chimera CGALWrapper", "ChimeraCGALWrapper\vc12\CGALWrapper.vcxproj", "{76804432-F4F1-4A1B-9BF5-3CB52EC7B467}"
	ProjectSection(ProjectDependencies) = postProject
		{8F79FA0B-ADB1-4135-8828-70332B2B7FBD} = {8F79FA0B-ADB1-4135-8828-70332B2B7FBD}
	EndProjectSection
EndProject
Project("{8BC9CEB8-8B4A-11D0-8D11-00A0C91BC942}") = "Chimera Interpolation", "ChimeraInterpolation\vc14\Chimera Interpolation.vcxproj", "{100C9D77-283C-47FB-955A-E55CFE18FFF3}"
EndProject
Project("{8BC9CEB8-8B4A-11D0-8D11-00A0C91BC942}") = "Chimera Grids", "ChimeraGrids\vc14\ChimeraGrids.vcxproj", "{1A645799-62C5-446B-B2F3-C7B770EECC16}"
EndProject
Project("{8BC9CEB8-8B4A-11D0-8D11-00A0C91BC942}") = "Chimera CutCells", "ChimeraCutCells\vc14\ChimeraCutCells.vcxproj", "{F8111D45-9858-4DFF-9D52-76332D4C21AD}"
EndProject
Project("{8BC9CEB8-8B4A-11D0-8D11-00A0C91BC942}") = "Chimera Boundary Conditions", "ChimeraBoundaryConditions\vc14\ChimeraBoundaryConditions.vcxproj", "{DCA33D97-6FA7-4B87-A670-41FE4D78007A}"
EndProject
Project("{8BC9CEB8-8B4A-11D0-8D11-00A0C91BC942}") = "Chimera Poisson", "ChimeraPoisson\vc10\Chimera Poisson.vcxproj", "{66F8E918-563D-4CC9-ABF4-584B9B4660CB}"
EndProject
Project("{8BC9CEB8-8B4A-11D0-8D11-00A0C91BC942}") = "Chimera Windows", "ChimeraWindows\vc14\Chimera Windows.vcxproj", "{3A726DFF-063C-4034-9CE7-22B257E02B6F}"
EndProject
Project("{8BC9CEB8-8B4A-11D0-8D11-00A0C91BC942}") = "Chimera Advection", "ChimeraAdvection\vc14\ChimeraAdvection.vcxproj", "{68C1F291-73C6-44BC-BF54-B5943195E0C7}"
EndProject
Project("{8BC9CEB8-8B4A-11D0-8D11-00A0C91BC942}") = "Chimera Meshes", "ChimeraMesh\vc14\ChimeraMesh.vcxproj", "{2E858689-87DC-4B68-AACD-68542B41DC53}"
EndProject
Project("{8BC9CEB8-8B4A-11D0-8D11-00A0C91BC942}") = "Chimera Particles", "ChimeraParticles\vc14\Chimera Particles.vcxproj", "{D7FB3B63-115C-4CDD-8AF6-6774A2A692C3}"
EndProject
Project("{8BC9CEB8-8B4A-11D0-8D11-00A0C91BC942}") = "Chimera Resources", "ChimeraResources\vc14\ChimeraResources.vcxproj", "{0D00D38C-C514-442E-9170-F09E98C4B659}"
EndProject
Project("{8BC9CEB8-8B4A-11D0-8D11-00A0C91BC942}") = "Chimera LevelSets", "ChimeraLevelSets\vc14\ChimeraLevelSets.vcxproj", "{6FDEE231-E3BD-4DBC-A12A-8CB4E2DC0BCB}"
EndProject
Project("{8BC9CEB8-8B4A-11D0-8D11-00A0C91BC942}") = "Chimera Solvers", "ChimeraSolvers\vc14\ChimeraSolvers.vcxproj", "{256919B2-669A-42FD-B15C-42B87EFAC302}"
EndProject
Project("{8BC9CEB8-8B4A-11D0-8D11-00A0C91BC942}") = "Chimera Solids", "ChimeraSolids\vc14\ChimeraSolids.vcxproj", "{C727430E-C5F4-4863-806E-4DEA8CBC5EDA}"
EndProject
Project("{8BC9CEB8-8B4A-11D0-8D11-00A0C91BC942}") = "Chimera EigenWrapper", "ChimeraEigenWrapper\vc14\ChimeraEigenWrapper.vcxproj", "{8CA07C88-BA2F-4AAF-A8A9-61EEDF2DCD21}"
EndProject
Project("{8BC9CEB8-8B4A-11D0-8D11-00A0C91BC942}") = "Chimera IO", "ChimeraIO\vc14\Chimera IO.vcxproj", "{F3E829EC-4D0D-4D3E-A213-A9E2CF6519EC}"
EndProject
Project("{8BC9CEB8-8B4A-11D0-8D11-00A0C91BC942}") = "Chimera Applications", "ChimeraApplications\vc14\Chimera Applications.vcxproj", "{6E54BC16-4E34-414D-BB30-B39C59ED05DE}"
EndProject
Project("{8BC9CEB8-8B4A-11D0-8D11-00A0C91BC942}") = "Chimera Loaders", "ChimeraLoaders\vc14\Chimera Loaders.vcxproj", "{8D053507-8B0B-49BA-8F18-240E577E2BDB}"
EndProject
Project("{8BC9CEB8-8B4A-11D0-8D11-00A0C91BC942}") = "Chimera Main", "ChimeraMain\vc14\Chimera Main.vcxproj", "{DBA098D3-2228-4975-BEC0-B2B7441806B4}"
	ProjectSection(ProjectDependencies) = postProject
		{8D053507-8B0B-49BA-8F18-240E577E2BDB} = {8D053507-8B0B-49BA-8F18-240E577E2BDB}
		{8F79FA0B-ADB1-4135-8828-70332B2B7FBD} = {8F79FA0B-ADB1-4135-8828-70332B2B7FBD}
		{C727430E-C5F4-4863-806E-4DEA8CBC5EDA} = {C727430E-C5F4-4863-806E-4DEA8CBC5EDA}
		{6E54BC16-4E34-414D-BB30-B39C59ED05DE} = {6E54BC16-4E34-414D-BB30-B39C59ED05DE}
		{66F8E918-563D-4CC9-ABF4-584B9B4660CB} = {66F8E918-563D-4CC9-ABF4-584B9B4660CB}
		{6FDEE231-E3BD-4DBC-A12A-8CB4E2DC0BCB} = {6FDEE231-E3BD-4DBC-A12A-8CB4E2DC0BCB}
		{76804432-F4F1-4A1B-9BF5-3CB52EC7B467} = {76804432-F4F1-4A1B-9BF5-3CB52EC7B467}
		{F8111D45-9858-4DFF-9D52-76332D4C21AD} = {F8111D45-9858-4DFF-9D52-76332D4C21AD}
		{D7FB3B63-115C-4CDD-8AF6-6774A2A692C3} = {D7FB3B63-115C-4CDD-8AF6-6774A2A692C3}
		{100C9D77-283C-47FB-955A-E55CFE18FFF3} = {100C9D77-283C-47FB-955A-E55CFE18FFF3}
		{8CA07C88-BA2F-4AAF-A8A9-61EEDF2DCD21} = {8CA07C88-BA2F-4AAF-A8A9-61EEDF2DCD21}
		{2E858689-87DC-4B68-AACD-68542B41DC53} = {2E858689-87DC-4B68-AACD-68542B41DC53}
		{0D00D38C-C514-442E-9170-F09E98C4B659} = {0D00D38C-C514-442E-9170-F09E98C4B659}
		{68C1F291-73C6-44BC-BF54-B5943195E0C7} = {68C1F291-73C6-44BC-BF54-B5943195E0C7}
		{DCA33D97-6FA7-4B87-A670-41FE4D78007A} = {DCA33D97-6FA7-4B87-A670-41FE4D78007A}
		{1A645799-62C5-446B-B2F3-C7B770EECC16} = {1A645799-62C5-446B-B2F3-C7B770EECC16}
		{256919B2-669A-42FD-B15C-42B87EFAC302} = {256919B2-669A-42FD-B15C-42B87EFAC302}
		{244C09EB-50A2-470E-863C-D9F1BD6285C2} = {244C09EB-50A2-470E-863C-D9F1BD6285C2}
		{F3E829EC-4D0D-4D3E-A213-A9E2CF6519EC} = {F3E829EC-4D0D-4D3E-A213-A9E2CF6519EC}
		{3A726DFF-063C-4034-9CE7-22B257E02B6F} = {3A726DFF-063C-4034-9CE7-22B257E02B6F}
	EndProjectSection
EndProject
Global
	GlobalSection(SolutionConfigurationPlatforms) = preSolution
		Debug|x64 = Debug|x64
		Debug|x86 = Debug|x86
		Release|x64 = Release|x64
		Release|x86 = Release|x86
	EndGlobalSection
	GlobalSection(ProjectConfigurationPlatforms) = postSolution
		{8F79FA0B-ADB1-4135-8828-70332B2B7FBD}.Debug|x64.ActiveCfg = Debug|x64
		{8F79FA0B-ADB1-4135-8828-70332B2B7FBD}.Debug|x64.Build.0 = Debug|x64
		{8F79FA0B-ADB1-4135-8828-70332B2B7FBD}.Debug|x86.ActiveCfg = Debug|Win32
		{8F79FA0B-ADB1-4135-8828-70332B2B7FBD}.Debug|x86.Build.0 = Debug|Win32
		{8F79FA0B-ADB1-4135-8828-70332B2B7FBD}.Release|x64.ActiveCfg = Release|x64
		{8F79FA0B-ADB1-4135-8828-70332B2B7FBD}.Release|x64.Build.0 = Release|x64
		{8F79FA0B-ADB1-4135-8828-70332B2B7FBD}.Release|x86.ActiveCfg = Release|Win32
		{8F79FA0B-ADB1-4135-8828-70332B2B7FBD}.Release|x86.Build.0 = Release|Win32
		{244C09EB-50A2-470E-863C-D9F1BD6285C2}.Debug|x64.ActiveCfg = Debug|x64
		{244C09EB-50A2-470E-863C-D9F1BD6285C2}.Debug|x64.Build.0 = Debug|x64
		{244C09EB-50A2-470E-863C-D9F1BD6285C2}.Debug|x86.ActiveCfg = Debug|Win32
		{244C09EB-50A2-470E-863C-D9F1BD6285C2}.Debug|x86.Build.0 = Debug|Win32
		{244C09EB-50A2-470E-863C-D9F1BD6285C2}.Release|x64.ActiveCfg = Release|x64
		{244C09EB-50A2-470E-863C-D9F1BD6285C2}.Release|x64.Build.0 = Release|x64
		{244C09EB-50A2-470E-863C-D9F1BD6285C2}.Release|x86.ActiveCfg = Release|Win32
		{244C09EB-50A2-470E-863C-D9F1BD6285C2}.Release|x86.Build.0 = Release|Win32
		{7EF2B3AA-F501-45E4-8452-06BD707B33C2}.Debug|x64.ActiveCfg = Debug|x64
		{7EF2B3AA-F501-45E4-8452-06BD707B33C2}.Debug|x64.Build.0 = Debug|x64
		{7EF2B3AA-F501-45E4-8452-06BD707B33C2}.Debug|x86.ActiveCfg = Debug|Win32
		{7EF2B3AA-F501-45E4-8452-06BD707B33C2}.Debug|x86.Build.0 = Debug|Win32
		{7EF2B3AA-F501-45E4-8452-06BD707B33C2}.Release|x64.ActiveCfg = Release|x64
		{7EF2B3AA-F501-45E4-8452-06BD707B33C2}.Release|x64.Build.0 = Release|x64
		{7EF2B3AA-F501-45E4-8452-06BD707B33C2}.Release|x86.ActiveCfg = Release|Win32
		{7EF2B3AA-F501-45E4-8452-06BD707B33C2}.Release|x86.Build.0 = Release|Win32
		{76804432-F4F1-4A1B-9BF5-3CB52EC7B467}.Debug|x64.ActiveCfg = Debug|x64
		{76804432-F4F1-4A1B-9BF5-3CB52EC7B467}.Debug|x64.Build.0 = Debug|x64
		{76804432-F4F1-4A1B-9BF5-3CB52EC7B467}.Debug|x86.ActiveCfg = Debug|Win32
		{76804432-F4F1-4A1B-9BF5-3CB52EC7B467}.Debug|x86.Build.0 = Debug|Win32
		{76804432-F4F1-4A1B-9BF5-3CB52EC7B467}.Release|x64.ActiveCfg = Release|x64
		{76804432-F4F1-4A1B-9BF5-3CB52EC7B467}.Release|x64.Build.0 = Release|x64
		{76804432-F4F1-4A1B-9BF5-3CB52EC7B467}.Release|x86.ActiveCfg = Release|Win32
		{76804432-F4F1-4A1B-9BF5-3CB52EC7B467}.Release|x86.Build.0 = Release|Win32
		{100C9D77-283C-47FB-955A-E55CFE18FFF3}.Debug|x64.ActiveCfg = Debug|x64
		{100C9D77-283C-47FB-955A-E55CFE18FFF3}.Debug|x64.Build.0 = Debug|x64
		{100C9D77-283C-47FB-955A-E55CFE18FFF3}.Debug|x86.ActiveCfg = Debug|Win32
		{100C9D77-283C-47FB-955A-E55CFE18FFF3}.Debug|x86.Build.0 = Debug|Win32
		{100C9D77-283C-47FB-955A-E55CFE18FFF3}.Release|x64.ActiveCfg = Release|x64
		{100C9D77-283C-47FB-955A-E55CFE18FFF3}.Release|x64.Build.0 = Release|x64
		{100C9D77-283C-47FB-955A-E55CFE18FFF3}.Release|x86.ActiveCfg = Release|Win32
		{100C9D77-283C-47FB-955A-E55CFE18FFF3}.Release|x86.Build.0 = Release|Win32
		{1A645799-62C5-446B-B2F3-C7B770EECC16}.Debug|x64.ActiveCfg = Debug|x64
		{1A645799-62C5-446B-B2F3-C7B770EECC16}.Debug|x64.Build.0 = Debug|x64
		{1A645799-62C5-446B-B2F3-C7B770EECC16}.Debug|x86.ActiveCfg = Debug|Win32
		{1A645799-62C5-446B-B2F3-C7B770EECC16}.Debug|x86.Build.0 = Debug|Win32
		{1A645799-62C5-446B-B2F3-C7B770EECC16}.Release|x64.ActiveCfg = Release|x64
		{1A645799-62C5-446B-B2F3-C7B770EECC16}.Release|x64.Build.0 = Release|x64
		{1A645799-62C5-446B-B2F3-C7B770EECC16}.Release|x86.ActiveCfg = Release|Win32
		{1A645799-62C5-446B-B2F3-C7B770EECC16}.Release|x86.Build.0 = Release|Win32
		{F8111D45-9858-4DFF-9D52-76332D4C21AD}.Debug|x64.ActiveCfg = Debug|x64
		{F8111D45-9858-4DFF-9D52-76332D4C21AD}.Debug|x64.Build.0 = Debug|x64
		{F8111D45-9858-4DFF-9D52-76332D4C21AD}.Debug|x86.ActiveCfg = Debug|Win32
		{F8111D45-9858-4DFF-9D52-76332D4C21AD}.Debug|x86.Build.0 = Debug|Win32
		{F8111D45-9858-4DFF-9D52-76332D4C21AD}.Release|x64.ActiveCfg = Release|x64
		{F8111D45-9858-4DFF-9D52-76332D4C21AD}.Release|x64.Build.0 = Release|x64
		{F8111D45-9858-4DFF-9D52-76332D4C21AD}.Release|x86.ActiveCfg = Release|Win32
		{F8111D45-9858-4DFF-9D52-76332D4C21AD}.Release|x86.Build.0 = Release|Win32
		{DCA33D97-6FA7-4B87-A670-41FE4D78007A}.Debug|x64.ActiveCfg = Debug|x64
		{DCA33D97-6FA7-4B87-A670-41FE4D78007A}.Debug|x64.Build.0 = Debug|x64
		{DCA33D97-6FA7-4B87-A670-41FE4D78007A}.Debug|x86.ActiveCfg = Debug|Win32
		{DCA33D97-6FA7-4B87-A670-41FE4D78007A}.Debug|x86.Build.0 = Debug|Win32
		{DCA33D97-6FA7-4B87-A670-41FE4D78007A}.Release|x64.ActiveCfg = Release|x64
		{DCA33D97-6FA7-4B87-A670-41FE4D78007A}.Release|x64.Build.0 = Release|x64
		{DCA33D97-6FA7-4B87-A670-41FE4D78007A}.Release|x86.ActiveCfg = Release|Win32
		{DCA33D97-6FA7-4B87-A670-41FE4D78007A}.Release|x86.Build.0 = Release|Win32
		{66F8E918-563D-4CC9-ABF4-584B9B4660CB}.Debug|x64.ActiveCfg = Debug|x64
		{66F8E918-563D-4CC9-ABF4-584B9B4660CB}.Debug|x64.Build.0 = Debug|x64
		{66F8E918-563D-4CC9-ABF4-584B9B4660CB}.Debug|x86.ActiveCfg = Debug|Win32
		{66F8E918-563D-4CC9-ABF4-584B9B4660CB}.Debug|x86.Build.0 = Debug|Win32
		{66F8E918-563D-4CC9-ABF4-584B9B4660CB}.Release|x64.ActiveCfg = Release|x64
		{66F8E918-563D-4CC9-ABF4-584B9B4660CB}.Release|x64.Build.0 = Release|x64
		{66F8E918-563D-4CC9-ABF4-584B9B4660CB}.Release|x86.ActiveCfg = Release|Win32
		{66F8E918-563D-4CC9-ABF4-584B9B4660CB}.Release|x86.Build.0 = Release|Win32
		{3A726DFF-063C-4034-9CE7-22B257E02B6F}.Debug|x64.ActiveCfg = Debug|x64
		{3A726DFF-063C-4034-9CE7-22B257E02B6F}.Debug|x64.Build.0 = Debug|x64
		{3A726DFF-063C-4034-9CE7-22B257E02B6F}.Debug|x86.ActiveCfg = Debug|Win32
		{3A726DFF-063C-4034-9CE7-22B257E02B6F}.Debug|x86.Build.0 = Debug|Win32
		{3A726DFF-063C-4034-9CE7-22B257E02B6F}.Release|x64.ActiveCfg = Release|x64
		{3A726DFF-063C-4034-9CE7-22B257E02B6F}.Release|x64.Build.0 = Release|x64
		{3A726DFF-063C-4034-9CE7-22B257E02B6F}.Release|x86.ActiveCfg = Release|Win32
		{3A726DFF-063C-4034-9CE7-22B257E02B6F}.Release|x86.Build.0 = Release|Win32
		{68C1F291-73C6-44BC-BF54-B5943195E0C7}.Debug|x64.ActiveCfg = Debug|x64
		{68C1F291-73C6-44BC-BF54-B5943195E0C7}.Debug|x64.Build.0 = Debug|x64
		{68C1F291-73C6-44BC-BF54-B5943195E0C7}.Debug|x86.ActiveCfg = Debug|Win32
		{68C1F291-73C6-44BC-BF54-B5943195E0C7}.Debug|x86.Build.0 = Debug|Win32
		{68C1F291-73C6-44BC-BF54-B5943195E0C7}.Release|x64.ActiveCfg = Release|x64
		{68C1F291-73C6-44BC-BF54-B5943195E0C7}.Release|x64.Build.0 = Release|x64
		{68C1F291-73C6-44BC-BF54-B5943195E0C7}.Release|x86.ActiveCfg = Release|Win32
		{68C1F291-73C6-44BC-BF54-B5943195E0C7}.Release|x86.Build.0 = Release|Win32
		{2E858689-87DC-4B68-AACD-68542B41DC53}.Debug|x64.ActiveCfg = Debug|x64
		{2E858689-87DC-4B68-AACD-68542B41DC53}.Debug|x64.Build.0 = Debug|x64
		{2E858689-87DC-4B68-AACD-68542B41DC53}.Debug|x86.ActiveCfg = Debug|Win32
		{2E858689-87DC-4B68-AACD-68542B41DC53}.Debug|x86.Build.0 = Debug|Win32
		{2E858689-87DC-4B68-AACD-68542B41DC53}.Release|x64.ActiveCfg = Release|x64
		{2E858689-87DC-4B68-AACD-68542B41DC53}.Release|x64.Build.0 = Release|x64
		{2E858689-87DC-4B68-AACD-68542B41DC53}.Release|x86.ActiveCfg = Release|Win32
		{2E858689-87DC-4B68-AACD-68542B41DC53}.Release|x86.Build.0 = Release|Win32
		{D7FB3B63-115C-4CDD-8AF6-6774A2A692C3}.Debug|x64.ActiveCfg = Debug|x64
		{D7FB3B63-115C-4CDD-8AF6-6774A2A692C3}.Debug|x64.Build.0 = Debug|x64
		{D7FB3B63-115C-4CDD-8AF6-6774A2A692C3}.Debug|x86.ActiveCfg = Debug|Win32
		{D7FB3B63-115C-4CDD-8AF6-6774A2A692C3}.Debug|x86.Build.0 = Debug|Win32
		{D7FB3B63-115C-4CDD-8AF6-6774A2A692C3}.Release|x64.ActiveCfg = Release|x64
		{D7FB3B63-115C-4CDD-8AF6-6774A2A692C3}.Release|x64.Build.0 = Release|x64
		{D7FB3B63-115C-4CDD-8AF6-6774A2A692C3}.Release|x86.ActiveCfg = Release|Win32
		{D7FB3B63-115C-4CDD-8AF6-6774A2A692C3}.Release|x86.Build.0 = Release|Win32
		{0D00D38C-C514-442E-9170-F09E98C4B659}.Debug|x64.ActiveCfg = Debug|x64
		{0D00D38C-C514-442E-9170-F09E98C4B659}.Debug|x64.Build.0 = Debug|x64
		{0D00D38C-C514-442E-9170-F09E98C4B659}.Debug|x86.ActiveCfg = Debug|Win32
		{0D00D38C-C514-442E-9170-F09E98C4B659}.Debug|x86.Build.0 = Debug|Win32
		{0D00D38C-C514-442E-9170-F09E98C4B659}.Release|x64.ActiveCfg = Release|x64
		{0D00D38C-C514-442E-9170-F09E98C4B659}.Release|x64.Build.0 = Release|x64
		{0D00D38C-C514-442E-9170-F09E98C4B659}.Release|x86.ActiveCfg = Release|Win32
		{0D00D38C-C514-442E-9170-F09E98C4B659}.Release|x86.Build.0 = Release|Win32
		{6FDEE231-E3BD-4DBC-A12A-8CB4E2DC0BCB}.Debug|x64.ActiveCfg = Debug|x64
		{6FDEE231-E3BD-4DBC-A12A-8CB4E2DC0BCB}.Debug|x64.Build.0 = Debug|x64
		{6FDEE231-E3BD-4DBC-A12A-8CB4E2DC0BCB}.Debug|x86.ActiveCfg = Debug|Win32
		{6FDEE231-E3BD-4DBC-A12A-8CB4E2DC0BCB}.Debug|x86.Build.0 = Debug|Win32
		{6FDEE231-E3BD-4DBC-A12A-8CB4E2DC0BCB}.Release|x64.ActiveCfg = Release|x64
		{6FDEE231-E3BD-4DBC-A12A-8CB4E2DC0BCB}.Release|x64.Build.0 = Release|x64
		{6FDEE231-E3BD-4DBC-A12A-8CB4E2DC0BCB}.Release|x86.ActiveCfg = Release|Win32
		{6FDEE231-E3BD-4DBC-A12A-8CB4E2DC0BCB}.Release|x86.Build.0 = Release|Win32
		{256919B2-669A-42FD-B15C-42B87EFAC302}.Debug|x64.ActiveCfg = Debug|x64
		{256919B2-669A-42FD-B15C-42B87EFAC302}.Debug|x64.Build.0 = Debug|x64
		{256919B2-669A-42FD-B15C-42B87EFAC302}.Debug|x86.ActiveCfg = Debug|Win32
		{256919B2-669A-42FD-B15C-42B87EFAC302}.Debug|x86.Build.0 = Debug|Win32
		{256919B2-669A-42FD-B15C-42B87EFAC302}.Release|x64.ActiveCfg = Release|x64
		{256919B2-669A-42FD-B15C-42B87EFAC302}.Release|x64.Build.0 = Release|x64
		{256919B2-669A-42FD-B15C-42B87EFAC302}.Release|x86.ActiveCfg = Release|Win32
		{256919B2-669A-42FD-B15C-42B87EFAC302}.Release|x86.Build.0 = Release|Win32
		{C727430E-C5F4-4863-806E-4DEA8CBC5EDA}.Debug|x64.ActiveCfg = Debug|x64
		{C727430E-C5F4-4863-806E-4DEA8CBC5EDA}.Debug|x64.Build.0 = Debug|x64
		{C727430E-C5F4-4863-806E-4DEA8CBC5EDA}.Debug|x86.ActiveCfg = Debug|Win32
		{C727430E-C5F4-4863-806E-4DEA8CBC5EDA}.Debug|x86.Build.0 = Debug|Win32
		{C727430E-C5F4-4863-806E-4DEA8CBC5EDA}.Release|x64.ActiveCfg = Release|x64
		{C727430E-C5F4-4863-806E-4DEA8CBC5EDA}.Release|x64.Build.0 = Release|x64
		{C727430E-C5F4-4863-806E-4DEA8CBC5EDA}.Release|x86.ActiveCfg = Release|Win32
		{C727430E-C5F4-4863-806E-4DEA8CBC5EDA}.Release|x86.Build.0 = Release|Win32
		{8CA07C88-BA2F-4AAF-A8A9-61EEDF2DCD21}.Debug|x64.ActiveCfg = Debug|x64
		{8CA07C88-BA2F-4AAF-A8A9-61EEDF2DCD21}.Debug|x64.Build.0 = Debug|x64
		{8CA07C88-BA2F-4AAF-A8A9-61EEDF2DCD21}.Debug|x86.ActiveCfg = Debug|Win32
		{8CA07C88-BA2F-4AAF-A8A9-61EEDF2DCD21}.Debug|x86.Build.0 = Debug|Win32
		{8CA07C88-BA2F-4AAF-A8A9-61EEDF2DCD21}.Release|x64.ActiveCfg = Release|x64
		{8CA07C88-BA2F-4AAF-A8A9-61EEDF2DCD21}.Release|x64.Build.0 = Release|x64
		{8CA07C88-BA2F-4AAF-A8A9-61EEDF2DCD21}.Release|x86.ActiveCfg = Release|Win32
		{8CA07C88-BA2F-4AAF-A8A9-61EEDF2DCD21}.Release|x86.Build.0 = Release|Win32
		{F3E829EC-4D0D-4D3E-A213-A9E2CF6519EC}.Debug|x64.ActiveCfg = Debug|x64
		{F3E829EC-4D0D-4D3E-A213-A9E2CF6519EC}.Debug|x64.Build.0 = Debug|x64
		{F3E829EC-4D0D-4D3E-A213-A9E2CF6519EC}.Debug|x86.ActiveCfg = Debug|Win32
		{F3E829EC-4D0D-4D3E-A213-A9E2CF6519EC}.Debug|x86.Build.0 = Debug|Win32
		{F3E829EC-4D0D-4D3E-A213-A9E2CF6519EC}.Release|x64.ActiveCfg = Release|x64
		{F3E829EC-4D0D-4D3E-A213-A9E2CF6519EC}.Release|x64.Build.0 = Release|x64
		{F3E829EC-4D0D-4D3E-A213-A9E2CF6519EC}.Release|x86.ActiveCfg = Release|Win32
		{F3E829EC-4D0D-4D3E-A213-A9E2CF6519EC}.Release|x86.Build.0 = Release|Win32
		{6E54BC16-4E34-414D-BB30-B39C59ED05DE}.Debug|x64.ActiveCfg = Debug|x64
		{6E54BC16-4E34-414D-BB30-B39C59ED05DE}.Debug|x64.Build.0 = Debug|x64
		{6E54BC16-4E34-414D-BB30-B39C59ED05DE}.Debug|x86.ActiveCfg = Debug|Win32
		{6E54BC16-4E34-414D-BB30-B39C59ED05DE}.Debug|x86.Build.0 = Debug|Win32
		{6E54BC16-4E34-414D-BB30-B39C59ED05DE}.Release|x64.ActiveCfg = Release|x64
		{6E54BC16-4E34-414D-BB30-B39C59ED05DE}.Release|x64.Build.0 = Release|x64
		{6E54BC16-4E34-414D-BB30-B39C59ED05DE}.Release|x86.ActiveCfg = Release|Win32
		{6E54BC16-4E34-414D-BB30-B39C59ED05DE}.Release|x86.Build.0 = Release|Win32
		{8D053507-8B0B-49BA-8F18-240E577E2BDB}.Debug|x64.ActiveCfg = Debug|x64
		{8D053507-8B0B-49BA-8F18-240E577E2BDB}.Debug|x64.Build.0 = Debug|x64
		{8D053507-8B0B-49BA-8F18-240E577E2BDB}.Debug|x86.ActiveCfg = Debug|Win32
		{8D053507-8B0B-49BA-8F18-240E577E2BDB}.Debug|x86.Build.0 = Debug|Win32
		{8D053507-8B0B-49BA-8F18-240E577E2BDB}.Release|x64.ActiveCfg = Release|x64
		{8D053507-8B0B-49BA-8F18-240E577E2BDB}.Release|x64.Build.0 = Release|x64
		{8D053507-8B0B-49BA-8F18-240E577E2BDB}.Release|x86.ActiveCfg = Release|Win32
		{8D053507-8B0B-49BA-8F18-240E577E2BDB}.Release|x86.Build.0 = Release|Win32
		{DBA098D3-2228-4975-BEC0-B2B7441806B4}.Debug|x64.ActiveCfg = Debug|x64
		{DBA098D3-2228-4975-BEC0-B2B7441806B4}.Debug|x64.Build.0 = Debug|x64
		{DBA098D3-2228-4975-BEC0-B2B7441806B4}.Debug|x86.ActiveCfg = Debug|Win32
		{DBA098D3-2228-4975-BEC0-B2B7441806B4}.Debug|x86.Build.0 = Debug|Win32
		{DBA098D3-2228-4975-BEC0-B2B7441806B4}.Release|x64.ActiveCfg = Release|x64
		{DBA098D3-2228-4975-BEC0-B2B7441806B4}.Release|x64.Build.0 = Release|x64
		{DBA098D3-2228-4975-BEC0-B2B7441806B4}.Release|x86.ActiveCfg = Release|Win32
		{DBA098D3-2228-4975-BEC0-B2B7441806B4}.Release|x86.Build.0 = Release|Win32
	EndGlobalSection
	GlobalSection(SolutionProperties) = preSolution
		HideSolutionNode = FALSE
	EndGlobalSection
EndGlobal
