<?xml version="1.0" encoding="utf-8"?>
<Project ToolsVersion="4.0" xmlns="http://schemas.microsoft.com/developer/msbuild/2003">
  <ItemGroup>
    <Filter Include="Source Files">
      <UniqueIdentifier>{a959abea-c90e-4f0b-bc78-a0c442e71c5e}</UniqueIdentifier>
    </Filter>
    <Filter Include="Header Files">
      <UniqueIdentifier>{6947c7aa-96f7-47dd-b968-1e20e15c64fd}</UniqueIdentifier>
    </Filter>
    <Filter Include="Header Files\Base">
      <UniqueIdentifier>{5bca6de6-b4f6-4059-9ff4-75e263629557}</UniqueIdentifier>
    </Filter>
    <Filter Include="Source Files\Base">
      <UniqueIdentifier>{0cb2e61c-7277-4244-9c18-a2e23a77c82b}</UniqueIdentifier>
    </Filter>
    <Filter Include="Header Files\2D">
      <UniqueIdentifier>{fff535da-438d-4535-81bd-dd77e08a52fb}</UniqueIdentifier>
    </Filter>
    <Filter Include="Source Files\3D">
      <UniqueIdentifier>{03b857e1-d0ed-47cd-9d42-c49f6bbc8d7b}</UniqueIdentifier>
    </Filter>
    <Filter Include="Header Files\3D">
      <UniqueIdentifier>{9041221d-2e4b-4514-96d5-ef429c46df72}</UniqueIdentifier>
    </Filter>
    <Filter Include="Source Files\2D">
      <UniqueIdentifier>{f7e10ae5-3653-40e0-b834-817a9b05736d}</UniqueIdentifier>
    </Filter>
  </ItemGroup>
  <ItemGroup>
    <ClInclude Include="..\include\ApplicationBase.h">
      <Filter>Header Files\Base</Filter>
    </ClInclude>
    <ClInclude Include="..\include\3D\RealtimeSimulation3D.h">
      <Filter>Header Files\3D</Filter>
    </ClInclude>
    <ClInclude Include="..\include\ChimeraApplications.h">
      <Filter>Header Files</Filter>
    </ClInclude>
    <ClInclude Include="..\include\2D\RealtimeSimulation2D.h">
      <Filter>Header Files\2D</Filter>
    </ClInclude>
  </ItemGroup>
  <ItemGroup>
    <ClCompile Include="..\src\ApplicationBase.cpp">
      <Filter>Source Files\Base</Filter>
    </ClCompile>
    <ClCompile Include="..\src\3D\RealtimeSimulation3D.cpp">
      <Filter>Source Files\3D</Filter>
    </ClCompile>
    <ClCompile Include="..\src\2D\RealtimeSimulation2D.cpp">
      <Filter>Source Files\2D</Filter>
    </ClCompile>
  </ItemGroup>
</Project>