<?xml version="1.0" encoding="utf-8"?>
<Project ToolsVersion="4.0" xmlns="http://schemas.microsoft.com/developer/msbuild/2003">
  <ItemGroup>
    <Filter Include="Source Files">
      <UniqueIdentifier>{4FC737F1-C7A5-4376-A066-2A32D752A2FF}</UniqueIdentifier>
      <Extensions>cpp;c;cc;cxx;def;odl;idl;hpj;bat;asm;asmx</Extensions>
    </Filter>
    <Filter Include="Header Files">
      <UniqueIdentifier>{93995380-89BD-4b04-88EB-625FBE52EBFB}</UniqueIdentifier>
      <Extensions>h;hpp;hxx;hm;inl;inc;xsd</Extensions>
    </Filter>
    <Filter Include="Resource Files">
      <UniqueIdentifier>{67DA6AB6-F800-4c08-8B7A-83BB121AAD01}</UniqueIdentifier>
      <Extensions>rc;ico;cur;bmp;dlg;rc2;rct;bin;rgs;gif;jpg;jpeg;jpe;resx;tiff;tif;png;wav;mfcribbon-ms</Extensions>
    </Filter>
    <Filter Include="Header Files\Config">
      <UniqueIdentifier>{1fcb0bee-40ee-40c1-bc39-1a9e6d6a6e61}</UniqueIdentifier>
    </Filter>
    <Filter Include="Source Files\Utils">
      <UniqueIdentifier>{328ffa33-cdd7-4c02-83b0-4c3afe36d52e}</UniqueIdentifier>
    </Filter>
    <Filter Include="Header Files\Data">
      <UniqueIdentifier>{56d6b363-0b22-4cff-991d-a0f802ba144d}</UniqueIdentifier>
    </Filter>
    <Filter Include="Header Files\Math">
      <UniqueIdentifier>{06564333-30db-48f0-944b-c38165df9a23}</UniqueIdentifier>
    </Filter>
    <Filter Include="Header Files\Utils">
      <UniqueIdentifier>{aa836faf-c371-4eb0-967e-e74635f83f16}</UniqueIdentifier>
    </Filter>
    <Filter Include="Source Files\Math">
      <UniqueIdentifier>{b3e90750-6d65-4682-bf53-d7dcb08da91d}</UniqueIdentifier>
    </Filter>
    <Filter Include="Source Files\Math\Matrix">
      <UniqueIdentifier>{6de0f03a-7214-4490-a064-ac0688d6aab3}</UniqueIdentifier>
    </Filter>
    <Filter Include="Header Files\Math\Matrix">
      <UniqueIdentifier>{85b2e672-3b76-42b9-b960-64afd7e59346}</UniqueIdentifier>
    </Filter>
  </ItemGroup>
  <ItemGroup>
    <ClInclude Include="..\include\ChimeraCore.h">
      <Filter>Header Files</Filter>
    </ClInclude>
    <ClInclude Include="..\include\Config\ChimeraConfig.h">
      <Filter>Header Files\Config</Filter>
    </ClInclude>
    <ClInclude Include="..\include\Config\CudaConfig.h">
      <Filter>Header Files\Config</Filter>
    </ClInclude>
    <ClInclude Include="..\include\Config\CuspConfig.h">
      <Filter>Header Files\Config</Filter>
    </ClInclude>
    <ClInclude Include="..\include\Core\ChimeraStructures.h">
      <Filter>Header Files\Config</Filter>
    </ClInclude>
    <ClInclude Include="..\include\Data\Array.h">
      <Filter>Header Files\Data</Filter>
    </ClInclude>
    <ClInclude Include="..\include\Data\Array2D.h">
      <Filter>Header Files\Data</Filter>
    </ClInclude>
    <ClInclude Include="..\include\Data\Array3D.h">
      <Filter>Header Files\Data</Filter>
    </ClInclude>
    <ClInclude Include="..\include\Data\ChimeraStructures.h">
      <Filter>Header Files\Data</Filter>
    </ClInclude>
    <ClInclude Include="..\include\Data\DoubleBuffer.h">
      <Filter>Header Files\Data</Filter>
    </ClInclude>
    <ClInclude Include="..\include\Math\DoubleScalar.h">
      <Filter>Header Files\Math</Filter>
    </ClInclude>
    <ClInclude Include="..\include\Math\Integer.h">
      <Filter>Header Files\Math</Filter>
    </ClInclude>
    <ClInclude Include="..\include\Math\Scalar.h">
      <Filter>Header Files\Math</Filter>
    </ClInclude>
    <ClInclude Include="..\include\Math\Vector2.h">
      <Filter>Header Files\Math</Filter>
    </ClInclude>
    <ClInclude Include="..\include\Math\Vector2d.h">
      <Filter>Header Files\Math</Filter>
    </ClInclude>
    <ClInclude Include="..\include\Math\Vector3.h">
      <Filter>Header Files\Math</Filter>
    </ClInclude>
    <ClInclude Include="..\include\Math\Vector3d.h">
      <Filter>Header Files\Math</Filter>
    </ClInclude>
    <ClInclude Include="..\include\Utils\Logger.h">
      <Filter>Header Files\Utils</Filter>
    </ClInclude>
    <ClInclude Include="..\include\Utils\Singleton.h">
      <Filter>Header Files\Utils</Filter>
    </ClInclude>
    <ClInclude Include="..\include\Utils\Timer.h">
      <Filter>Header Files\Utils</Filter>
    </ClInclude>
    <ClInclude Include="..\include\Utils\Times.h">
      <Filter>Header Files\Utils</Filter>
    </ClInclude>
    <ClInclude Include="..\include\Utils\Utils.h">
      <Filter>Header Files\Utils</Filter>
    </ClInclude>
    <ClInclude Include="..\include\Math\MathUtils.h">
      <Filter>Header Files\Math</Filter>
    </ClInclude>
    <ClInclude Include="..\include\Math\MathUtilsCore.h">
      <Filter>Header Files\Math</Filter>
    </ClInclude>
    <ClInclude Include="..\include\Math\Matrix\Matrix2x2.h">
      <Filter>Header Files\Math\Matrix</Filter>
    </ClInclude>
    <ClInclude Include="..\include\Math\Matrix\Matrix3x3.h">
      <Filter>Header Files\Math\Matrix</Filter>
    </ClInclude>
    <ClInclude Include="..\include\Math\Matrix\Matrix3x3d.h">
      <Filter>Header Files\Math\Matrix</Filter>
    </ClInclude>
    <ClInclude Include="..\include\Math\Matrix\MatrixNxN.h">
      <Filter>Header Files\Math\Matrix</Filter>
    </ClInclude>
    <ClInclude Include="..\include\Math\Matrix\MatrixNxNd.h">
      <Filter>Header Files\Math\Matrix</Filter>
    </ClInclude>
  </ItemGroup>
  <ItemGroup>
    <ClCompile Include="..\src\Utils\Logger.cpp">
      <Filter>Source Files\Utils</Filter>
    </ClCompile>
    <ClCompile Include="..\src\Utils\Utils.cpp">
      <Filter>Source Files\Utils</Filter>
    </ClCompile>
    <ClCompile Include="..\src\Math\MathUtils.cpp">
      <Filter>Source Files\Math</Filter>
    </ClCompile>
    <ClCompile Include="..\src\Math\MathUtilsCore.cpp">
      <Filter>Source Files\Math</Filter>
    </ClCompile>
    <ClCompile Include="..\src\Math\Matrix\MatrixNxN.cpp">
      <Filter>Source Files\Math\Matrix</Filter>
    </ClCompile>
    <ClCompile Include="..\src\Math\Matrix\MatrixNxNd.cpp">
      <Filter>Source Files\Math\Matrix</Filter>
    </ClCompile>
  </ItemGroup>
</Project>