<?xml version="1.0" encoding="utf-8"?>
<Project ToolsVersion="4.0" xmlns="http://schemas.microsoft.com/developer/msbuild/2003">
  <ItemGroup>
    <Filter Include="Source Files">
      <UniqueIdentifier>{a959abea-c90e-4f0b-bc78-a0c442e71c5e}</UniqueIdentifier>
    </Filter>
    <Filter Include="Header Files">
      <UniqueIdentifier>{6947c7aa-96f7-47dd-b968-1e20e15c64fd}</UniqueIdentifier>
    </Filter>
    <Filter Include="Header Files\Loaders">
      <UniqueIdentifier>{888c26d5-1da2-4668-96c1-961f73134e11}</UniqueIdentifier>
    </Filter>
    <Filter Include="Source Files\Loaders">
      <UniqueIdentifier>{cb4774da-7dac-4f2d-acf1-f98ebf37cfee}</UniqueIdentifier>
    </Filter>
  </ItemGroup>
  <ItemGroup>
    <ClInclude Include="..\include\ChimeraLoaders.h">
      <Filter>Header Files</Filter>
    </ClInclude>
    <ClInclude Include="..\include\Loaders\FlowSolverLoader.h">
      <Filter>Header Files\Loaders</Filter>
    </ClInclude>
    <ClInclude Include="..\include\Loaders\XMLParamsLoader.h">
      <Filter>Header Files\Loaders</Filter>
    </ClInclude>
    <ClInclude Include="..\include\Loaders\GridLoader.h">
      <Filter>Header Files\Loaders</Filter>
    </ClInclude>
    <ClInclude Include="..\include\Loaders\RenderingLoader.h">
      <Filter>Header Files\Loaders</Filter>
    </ClInclude>
    <ClInclude Include="..\include\Loaders\MeshLoader.h">
      <Filter>Header Files\Loaders</Filter>
    </ClInclude>
    <ClInclude Include="..\include\Loaders\SolidsLoader.h">
      <Filter>Header Files\Loaders</Filter>
    </ClInclude>
    <ClInclude Include="..\include\Loaders\ForcingFunctionsLoader.h">
      <Filter>Header Files\Loaders</Filter>
    </ClInclude>
  </ItemGroup>
  <ItemGroup>
    <ClCompile Include="..\src\Loaders\XMLParamsLoader.cpp">
      <Filter>Source Files\Loaders</Filter>
    </ClCompile>
    <ClCompile Include="..\src\Loaders\FlowSolverLoader.cpp">
      <Filter>Source Files\Loaders</Filter>
    </ClCompile>
    <ClCompile Include="..\src\Loaders\GridLoader.cpp">
      <Filter>Source Files\Loaders</Filter>
    </ClCompile>
    <ClCompile Include="..\src\Loaders\MeshLoader.cpp">
      <Filter>Source Files\Loaders</Filter>
    </ClCompile>
    <ClCompile Include="..\src\Loaders\SolidsLoader.cpp">
      <Filter>Source Files\Loaders</Filter>
    </ClCompile>
    <ClCompile Include="..\src\Loaders\ForcingFunctionsLoader.cpp">
      <Filter>Source Files\Loaders</Filter>
    </ClCompile>
  </ItemGroup>
</Project>