<?xml version="1.0" encoding="utf-8"?>
<Project ToolsVersion="4.0" xmlns="http://schemas.microsoft.com/developer/msbuild/2003">
  <ItemGroup>
    <Filter Include="Header Files">
      <UniqueIdentifier>{d22a9865-a9d2-486e-98d9-60af52ce14d9}</UniqueIdentifier>
    </Filter>
    <Filter Include="Source Files">
      <UniqueIdentifier>{e50985a7-8bba-42b2-aa54-5f1efd44f80c}</UniqueIdentifier>
    </Filter>
    <Filter Include="Header Files\Particles">
      <UniqueIdentifier>{cff35618-ba14-4473-ae6b-054d417c866b}</UniqueIdentifier>
    </Filter>
    <Filter Include="Source Files\Particles">
      <UniqueIdentifier>{556fdf5b-5a1a-474e-bc87-406caf3fed16}</UniqueIdentifier>
    </Filter>
  </ItemGroup>
  <ItemGroup>
    <ClInclude Include="..\include\ChimeraParticles.h">
      <Filter>Header Files</Filter>
    </ClInclude>
    <ClInclude Include="..\include\Particles\ParticlesData.h">
      <Filter>Header Files\Particles</Filter>
    </ClInclude>
    <ClInclude Include="..\include\Particles\ParticlesSampler.h">
      <Filter>Header Files\Particles</Filter>
    </ClInclude>
    <ClInclude Include="..\include\Particles\PoissonParticleSampler.h">
      <Filter>Header Files\Particles</Filter>
    </ClInclude>
    <ClInclude Include="..\include\Particles\FastParticlesSampler.h">
      <Filter>Header Files\Particles</Filter>
    </ClInclude>
  </ItemGroup>
  <ItemGroup>
    <ClCompile Include="..\src\Particles\ParticlesSampler.cpp">
      <Filter>Source Files\Particles</Filter>
    </ClCompile>
    <ClCompile Include="..\src\Particles\PoissonParticleSampler.cpp">
      <Filter>Source Files\Particles</Filter>
    </ClCompile>
    <ClCompile Include="..\src\Particles\FastParticlesSampler.cpp">
      <Filter>Source Files\Particles</Filter>
    </ClCompile>
  </ItemGroup>
</Project>