<?xml version="1.0" encoding="utf-8"?>
<Project ToolsVersion="4.0" xmlns="http://schemas.microsoft.com/developer/msbuild/2003">
  <ItemGroup>
    <Filter Include="Header Files">
      <UniqueIdentifier>{c62f2f43-ba04-4463-8c00-7775e93496f6}</UniqueIdentifier>
    </Filter>
    <Filter Include="Source Files">
      <UniqueIdentifier>{5ef91ab9-7963-475b-a04c-33524a2ea018}</UniqueIdentifier>
    </Filter>
    <Filter Include="Cuda Files">
      <UniqueIdentifier>{97b6b717-fedf-401f-b95f-4f682ff357c5}</UniqueIdentifier>
    </Filter>
    <Filter Include="Header Files\Matrix">
      <UniqueIdentifier>{5e0e118e-1e4f-4c6e-8170-0325510d14c0}</UniqueIdentifier>
    </Filter>
    <Filter Include="Source Files\Solvers">
      <UniqueIdentifier>{76b791c5-7f7e-45bf-aef9-41b5043e7e6c}</UniqueIdentifier>
    </Filter>
    <Filter Include="Header Files\Solvers">
      <UniqueIdentifier>{7a62ed63-6ef0-498d-bb1c-83535c8c2af3}</UniqueIdentifier>
    </Filter>
    <Filter Include="Source Files\Matrix">
      <UniqueIdentifier>{d23f13c2-92b3-4813-ace8-a11fedb9690a}</UniqueIdentifier>
    </Filter>
  </ItemGroup>
  <ItemGroup>
    <ClInclude Include="..\include\Poisson\PoissonMatrix.h">
      <Filter>Header Files\Matrix</Filter>
    </ClInclude>
    <ClInclude Include="..\include\Poisson\ConjugateGradient.h">
      <Filter>Header Files\Solvers</Filter>
    </ClInclude>
    <ClInclude Include="..\include\Poisson\GaussSeidel.h">
      <Filter>Header Files\Solvers</Filter>
    </ClInclude>
    <ClInclude Include="..\include\Poisson\Multigrid.h">
      <Filter>Header Files\Solvers</Filter>
    </ClInclude>
    <ClInclude Include="..\include\Poisson\Multigrid2D.h">
      <Filter>Header Files\Solvers</Filter>
    </ClInclude>
    <ClInclude Include="..\include\Poisson\Multigrid3D.h">
      <Filter>Header Files\Solvers</Filter>
    </ClInclude>
    <ClInclude Include="..\include\Poisson\PoissonSolver.h">
      <Filter>Header Files\Solvers</Filter>
    </ClInclude>
    <ClInclude Include="..\include\ChimeraPoisson.h">
      <Filter>Header Files</Filter>
    </ClInclude>
    <ClInclude Include="..\include\Poisson\EigenConjugateGradient.h">
      <Filter>Header Files\Solvers</Filter>
    </ClInclude>
  </ItemGroup>
  <ItemGroup>
    <ClCompile Include="..\src\Poisson\ConjugateGradient.cpp">
      <Filter>Source Files\Solvers</Filter>
    </ClCompile>
    <ClCompile Include="..\src\Poisson\GaussSeidel.cpp">
      <Filter>Source Files\Solvers</Filter>
    </ClCompile>
    <ClCompile Include="..\src\Poisson\Multigrid.cpp">
      <Filter>Source Files\Solvers</Filter>
    </ClCompile>
    <ClCompile Include="..\src\Poisson\Multigrid2D.cpp">
      <Filter>Source Files\Solvers</Filter>
    </ClCompile>
    <ClCompile Include="..\src\Poisson\Multigrid3D.cpp">
      <Filter>Source Files\Solvers</Filter>
    </ClCompile>
    <ClCompile Include="..\src\Poisson\PoissonSolver.cpp">
      <Filter>Source Files\Solvers</Filter>
    </ClCompile>
    <ClCompile Include="..\src\Poisson\PoissonMatrix.cpp">
      <Filter>Source Files\Matrix</Filter>
    </ClCompile>
    <ClCompile Include="..\src\Poisson\EigenConjugateGradient.cpp">
      <Filter>Source Files\Solvers</Filter>
    </ClCompile>
  </ItemGroup>
  <ItemGroup>
    <CudaCompile Include="..\cuda\ConjugateGradient.cu">
      <Filter>Cuda Files</Filter>
    </CudaCompile>
    <CudaCompile Include="..\cuda\PoissonMatrix.cu">
      <Filter>Cuda Files</Filter>
    </CudaCompile>
  </ItemGroup>
</Project>